
Microsoft Visual Studio Solution File, Format Version 12.00
# Visual Studio Version 16
VisualStudioVersion = 16.0.28803.202
MinimumVisualStudioVersion = 10.0.40219.1
Project("{FAE04EC0-301F-11D3-BF4B-00C04F79EFBC}") = "WOVInvoicingDLL", "WOVInvoicingDLL\WOVInvoicingDLL.csproj", "{D894C19D-E66B-4DE3-9D57-042E3F92284E}"
EndProject
Global
	GlobalSection(SolutionConfigurationPlatforms) = preSolution
		Debug|Any CPU = Debug|Any CPU
		Release|Any CPU = Release|Any CPU
	EndGlobalSection
	GlobalSection(ProjectConfigurationPlatforms) = postSolution
		{D894C19D-E66B-4DE3-9D57-042E3F92284E}.Debug|Any CPU.ActiveCfg = Debug|Any CPU
		{D894C19D-E66B-4DE3-9D57-042E3F92284E}.Debug|Any CPU.Build.0 = Debug|Any CPU
		{D894C19D-E66B-4DE3-9D57-042E3F92284E}.Release|Any CPU.ActiveCfg = Release|Any CPU
		{D894C19D-E66B-4DE3-9D57-042E3F92284E}.Release|Any CPU.Build.0 = Release|Any CPU
	EndGlobalSection
	GlobalSection(SolutionProperties) = preSolution
		HideSolutionNode = FALSE
	EndGlobalSection
	GlobalSection(ExtensibilityGlobals) = postSolution
		SolutionGuid = {14D747E9-6BA4-42C0-881C-D603AE6E3ED5}
	EndGlobalSection
EndGlobal
